
Microsoft Visual Studio Solution File, Format Version 12.00
# Visual Studio Version 17
VisualStudioVersion = 17.7.34202.233
MinimumVisualStudioVersion = 10.0.40219.1
Project("{FAE04EC0-301F-11D3-BF4B-00C04F79EFBC}") = "SalesManager", "SalesManager.csproj", "{A650057D-B8E4-4428-928B-46122A35D0CF}"
EndProject
Global
	GlobalSection(SolutionConfigurationPlatforms) = preSolution
		Debug|Any CPU = Debug|Any CPU
		Release|Any CPU = Release|Any CPU
	EndGlobalSection
	GlobalSection(ProjectConfigurationPlatforms) = postSolution
		{A650057D-B8E4-4428-928B-46122A35D0CF}.Debug|Any CPU.ActiveCfg = Debug|Any CPU
		{A650057D-B8E4-4428-928B-46122A35D0CF}.Debug|Any CPU.Build.0 = Debug|Any CPU
		{A650057D-B8E4-4428-928B-46122A35D0CF}.Release|Any CPU.ActiveCfg = Release|Any CPU
		{A650057D-B8E4-4428-928B-46122A35D0CF}.Release|Any CPU.Build.0 = Release|Any CPU
	EndGlobalSection
	GlobalSection(SolutionProperties) = preSolution
		HideSolutionNode = FALSE
	EndGlobalSection
	GlobalSection(ExtensibilityGlobals) = postSolution
		SolutionGuid = {934AC813-F831-4AA3-AFEB-9CDCA7F09B11}
	EndGlobalSection
EndGlobal
